// !$*UTF8*$!
{
	archiveVersion = 1;
	classes = {
	};
	objectVersion = 46;
	objects = {

/* Begin PBXBuildFile section */
		B4BCEC5E19DE8C4300D175AD /* Foundation.framework in Frameworks */ = {isa = PBXBuildFile; fileRef = B4BCEC5D19DE8C4300D175AD /* Foundation.framework */; };
		B4BCEC6019DE8C4300D175AD /* CoreGraphics.framework in Frameworks */ = {isa = PBXBuildFile; fileRef = B4BCEC5F19DE8C4300D175AD /* CoreGraphics.framework */; };
		B4BCEC6219DE8C4300D175AD /* UIKit.framework in Frameworks */ = {isa = PBXBuildFile; fileRef = B4BCEC6119DE8C4300D175AD /* UIKit.framework */; };
		B4BCEC6819DE8C4300D175AD /* InfoPlist.strings in Resources */ = {isa = PBXBuildFile; fileRef = B4BCEC6619DE8C4300D175AD /* InfoPlist.strings */; };
		B4BCEC6A19DE8C4300D175AD /* main.m in Sources */ = {isa = PBXBuildFile; fileRef = B4BCEC6919DE8C4300D175AD /* main.m */; };
		B4BCEC6E19DE8C4300D175AD /* AppDelegate.m in Sources */ = {isa = PBXBuildFile; fileRef = B4BCEC6D19DE8C4300D175AD /* AppDelegate.m */; };
		B4BCEC7119DE8C4300D175AD /* Main.storyboard in Resources */ = {isa = PBXBuildFile; fileRef = B4BCEC6F19DE8C4300D175AD /* Main.storyboard */; };
		B4BCEC7419DE8C4300D175AD /* ViewController.m in Sources */ = {isa = PBXBuildFile; fileRef = B4BCEC7319DE8C4300D175AD /* ViewController.m */; };
		B4BCEC7619DE8C4300D175AD /* Images.xcassets in Resources */ = {isa = PBXBuildFile; fileRef = B4BCEC7519DE8C4300D175AD /* Images.xcassets */; };
		B4BCEC7D19DE8C4300D175AD /* XCTest.framework in Frameworks */ = {isa = PBXBuildFile; fileRef = B4BCEC7C19DE8C4300D175AD /* XCTest.framework */; };
		B4BCEC7E19DE8C4300D175AD /* Foundation.framework in Frameworks */ = {isa = PBXBuildFile; fileRef = B4BCEC5D19DE8C4300D175AD /* Foundation.framework */; };
		B4BCEC7F19DE8C4300D175AD /* UIKit.framework in Frameworks */ = {isa = PBXBuildFile; fileRef = B4BCEC6119DE8C4300D175AD /* UIKit.framework */; };
		B4BCEC8719DE8C4300D175AD /* InfoPlist.strings in Resources */ = {isa = PBXBuildFile; fileRef = B4BCEC8519DE8C4300D175AD /* InfoPlist.strings */; };
		B4BCEC8919DE8C4300D175AD /* Tarea1Tests.m in Sources */ = {isa = PBXBuildFile; fileRef = B4BCEC8819DE8C4300D175AD /* Tarea1Tests.m */; };
/* End PBXBuildFile section */

/* Begin PBXContainerItemProxy section */
		B4BCEC8019DE8C4300D175AD /* PBXContainerItemProxy */ = {
			isa = PBXContainerItemProxy;
			containerPortal = B4BCEC5219DE8C4300D175AD /* Project object */;
			proxyType = 1;
			remoteGlobalIDString = B4BCEC5919DE8C4300D175AD;
			remoteInfo = Tarea1;
		};
/* End PBXContainerItemProxy section */

/* Begin PBXFileReference section */
		B4BCEC5A19DE8C4300D175AD /* Tarea1.app */ = {isa = PBXFileReference; explicitFileType = wrapper.application; includeInIndex = 0; path = Tarea1.app; sourceTree = BUILT_PRODUCTS_DIR; };
		B4BCEC5D19DE8C4300D175AD /* Foundation.framework */ = {isa = PBXFileReference; lastKnownFileType = wrapper.framework; name = Foundation.framework; path = System/Library/Frameworks/Foundation.framework; sourceTree = SDKROOT; };
		B4BCEC5F19DE8C4300D175AD /* CoreGraphics.framework */ = {isa = PBXFileReference; lastKnownFileType = wrapper.framework; name = CoreGraphics.framework; path = System/Library/Frameworks/CoreGraphics.framework; sourceTree = SDKROOT; };
		B4BCEC6119DE8C4300D175AD /* UIKit.framework */ = {isa = PBXFileReference; lastKnownFileType = wrapper.framework; name = UIKit.framework; path = System/Library/Frameworks/UIKit.framework; sourceTree = SDKROOT; };
		B4BCEC6519DE8C4300D175AD /* Tarea1-Info.plist */ = {isa = PBXFileReference; lastKnownFileType = text.plist.xml; path = "Tarea1-Info.plist"; sourceTree = "<group>"; };
		B4BCEC6719DE8C4300D175AD /* en */ = {isa = PBXFileReference; lastKnownFileType = text.plist.strings; name = en; path = en.lproj/InfoPlist.strings; sourceTree = "<group>"; };
		B4BCEC6919DE8C4300D175AD /* main.m */ = {isa = PBXFileReference; lastKnownFileType = sourcecode.c.objc; path = main.m; sourceTree = "<group>"; };
		B4BCEC6B19DE8C4300D175AD /* Tarea1-Prefix.pch */ = {isa = PBXFileReference; lastKnownFileType = sourcecode.c.h; path = "Tarea1-Prefix.pch"; sourceTree = "<group>"; };
		B4BCEC6C19DE8C4300D175AD /* AppDelegate.h */ = {isa = PBXFileReference; lastKnownFileType = sourcecode.c.h; path = AppDelegate.h; sourceTree = "<group>"; };
		B4BCEC6D19DE8C4300D175AD /* AppDelegate.m */ = {isa = PBXFileReference; lastKnownFileType = sourcecode.c.objc; path = AppDelegate.m; sourceTree = "<group>"; };
		B4BCEC7019DE8C4300D175AD /* Base */ = {isa = PBXFileReference; lastKnownFileType = file.storyboard; name = Base; path = Base.lproj/Main.storyboard; sourceTree = "<group>"; };
		B4BCEC7219DE8C4300D175AD /* ViewController.h */ = {isa = PBXFileReference; lastKnownFileType = sourcecode.c.h; path = ViewController.h; sourceTree = "<group>"; };
		B4BCEC7319DE8C4300D175AD /* ViewController.m */ = {isa = PBXFileReference; lastKnownFileType = sourcecode.c.objc; path = ViewController.m; sourceTree = "<group>"; };
		B4BCEC7519DE8C4300D175AD /* Images.xcassets */ = {isa = PBXFileReference; lastKnownFileType = folder.assetcatalog; path = Images.xcassets; sourceTree = "<group>"; };
		B4BCEC7B19DE8C4300D175AD /* Tarea1Tests.xctest */ = {isa = PBXFileReference; explicitFileType = wrapper.cfbundle; includeInIndex = 0; path = Tarea1Tests.xctest; sourceTree = BUILT_PRODUCTS_DIR; };
		B4BCEC7C19DE8C4300D175AD /* XCTest.framework */ = {isa = PBXFileReference; lastKnownFileType = wrapper.framework; name = XCTest.framework; path = Library/Frameworks/XCTest.framework; sourceTree = DEVELOPER_DIR; };
		B4BCEC8419DE8C4300D175AD /* Tarea1Tests-Info.plist */ = {isa = PBXFileReference; lastKnownFileType = text.plist.xml; path = "Tarea1Tests-Info.plist"; sourceTree = "<group>"; };
		B4BCEC8619DE8C4300D175AD /* en */ = {isa = PBXFileReference; lastKnownFileType = text.plist.strings; name = en; path = en.lproj/InfoPlist.strings; sourceTree = "<group>"; };
		B4BCEC8819DE8C4300D175AD /* Tarea1Tests.m */ = {isa = PBXFileReference; lastKnownFileType = sourcecode.c.objc; path = Tarea1Tests.m; sourceTree = "<group>"; };
/* End PBXFileReference section */

/* Begin PBXFrameworksBuildPhase section */
		B4BCEC5719DE8C4300D175AD /* Frameworks */ = {
			isa = PBXFrameworksBuildPhase;
			buildActionMask = 2147483647;
			files = (
				B4BCEC6019DE8C4300D175AD /* CoreGraphics.framework in Frameworks */,
				B4BCEC6219DE8C4300D175AD /* UIKit.framework in Frameworks */,
				B4BCEC5E19DE8C4300D175AD /* Foundation.framework in Frameworks */,
			);
			runOnlyForDeploymentPostprocessing = 0;
		};
		B4BCEC7819DE8C4300D175AD /* Frameworks */ = {
			isa = PBXFrameworksBuildPhase;
			buildActionMask = 2147483647;
			files = (
				B4BCEC7D19DE8C4300D175AD /* XCTest.framework in Frameworks */,
				B4BCEC7F19DE8C4300D175AD /* UIKit.framework in Frameworks */,
				B4BCEC7E19DE8C4300D175AD /* Foundation.framework in Frameworks */,
			);
			runOnlyForDeploymentPostprocessing = 0;
		};
/* End PBXFrameworksBuildPhase section */

/* Begin PBXGroup section */
		B4BCEC5119DE8C4300D175AD = {
			isa = PBXGroup;
			children = (
				B4BCEC6319DE8C4300D175AD /* Tarea1 */,
				B4BCEC8219DE8C4300D175AD /* Tarea1Tests */,
				B4BCEC5C19DE8C4300D175AD /* Frameworks */,
				B4BCEC5B19DE8C4300D175AD /* Products */,
			);
			sourceTree = "<group>";
		};
		B4BCEC5B19DE8C4300D175AD /* Products */ = {
			isa = PBXGroup;
			children = (
				B4BCEC5A19DE8C4300D175AD /* Tarea1.app */,
				B4BCEC7B19DE8C4300D175AD /* Tarea1Tests.xctest */,
			);
			name = Products;
			sourceTree = "<group>";
		};
		B4BCEC5C19DE8C4300D175AD /* Frameworks */ = {
			isa = PBXGroup;
			children = (
				B4BCEC5D19DE8C4300D175AD /* Foundation.framework */,
				B4BCEC5F19DE8C4300D175AD /* CoreGraphics.framework */,
				B4BCEC6119DE8C4300D175AD /* UIKit.framework */,
				B4BCEC7C19DE8C4300D175AD /* XCTest.framework */,
			);
			name = Frameworks;
			sourceTree = "<group>";
		};
		B4BCEC6319DE8C4300D175AD /* Tarea1 */ = {
			isa = PBXGroup;
			children = (
				B4BCEC6C19DE8C4300D175AD /* AppDelegate.h */,
				B4BCEC6D19DE8C4300D175AD /* AppDelegate.m */,
				B4BCEC6F19DE8C4300D175AD /* Main.storyboard */,
				B4BCEC7219DE8C4300D175AD /* ViewController.h */,
				B4BCEC7319DE8C4300D175AD /* ViewController.m */,
				B4BCEC7519DE8C4300D175AD /* Images.xcassets */,
				B4BCEC6419DE8C4300D175AD /* Supporting Files */,
			);
			path = Tarea1;
			sourceTree = "<group>";
		};
		B4BCEC6419DE8C4300D175AD /* Supporting Files */ = {
			isa = PBXGroup;
			children = (
				B4BCEC6519DE8C4300D175AD /* Tarea1-Info.plist */,
				B4BCEC6619DE8C4300D175AD /* InfoPlist.strings */,
				B4BCEC6919DE8C4300D175AD /* main.m */,
				B4BCEC6B19DE8C4300D175AD /* Tarea1-Prefix.pch */,
			);
			name = "Supporting Files";
			sourceTree = "<group>";
		};
		B4BCEC8219DE8C4300D175AD /* Tarea1Tests */ = {
			isa = PBXGroup;
			children = (
				B4BCEC8819DE8C4300D175AD /* Tarea1Tests.m */,
				B4BCEC8319DE8C4300D175AD /* Supporting Files */,
			);
			path = Tarea1Tests;
			sourceTree = "<group>";
		};
		B4BCEC8319DE8C4300D175AD /* Supporting Files */ = {
			isa = PBXGroup;
			children = (
				B4BCEC8419DE8C4300D175AD /* Tarea1Tests-Info.plist */,
				B4BCEC8519DE8C4300D175AD /* InfoPlist.strings */,
			);
			name = "Supporting Files";
			sourceTree = "<group>";
		};
/* End PBXGroup section */

/* Begin PBXNativeTarget section */
		B4BCEC5919DE8C4300D175AD /* Tarea1 */ = {
			isa = PBXNativeTarget;
			buildConfigurationList = B4BCEC8C19DE8C4300D175AD /* Build configuration list for PBXNativeTarget "Tarea1" */;
			buildPhases = (
				B4BCEC5619DE8C4300D175AD /* Sources */,
				B4BCEC5719DE8C4300D175AD /* Frameworks */,
				B4BCEC5819DE8C4300D175AD /* Resources */,
			);
			buildRules = (
			);
			dependencies = (
			);
			name = Tarea1;
			productName = Tarea1;
			productReference = B4BCEC5A19DE8C4300D175AD /* Tarea1.app */;
			productType = "com.apple.product-type.application";
		};
		B4BCEC7A19DE8C4300D175AD /* Tarea1Tests */ = {
			isa = PBXNativeTarget;
			buildConfigurationList = B4BCEC8F19DE8C4300D175AD /* Build configuration list for PBXNativeTarget "Tarea1Tests" */;
			buildPhases = (
				B4BCEC7719DE8C4300D175AD /* Sources */,
				B4BCEC7819DE8C4300D175AD /* Frameworks */,
				B4BCEC7919DE8C4300D175AD /* Resources */,
			);
			buildRules = (
			);
			dependencies = (
				B4BCEC8119DE8C4300D175AD /* PBXTargetDependency */,
			);
			name = Tarea1Tests;
			productName = Tarea1Tests;
			productReference = B4BCEC7B19DE8C4300D175AD /* Tarea1Tests.xctest */;
			productType = "com.apple.product-type.bundle.unit-test";
		};
/* End PBXNativeTarget section */

/* Begin PBXProject section */
		B4BCEC5219DE8C4300D175AD /* Project object */ = {
			isa = PBXProject;
			attributes = {
				LastUpgradeCheck = 0510;
				TargetAttributes = {
					B4BCEC7A19DE8C4300D175AD = {
						TestTargetID = B4BCEC5919DE8C4300D175AD;
					};
				};
			};
			buildConfigurationList = B4BCEC5519DE8C4300D175AD /* Build configuration list for PBXProject "Tarea1" */;
			compatibilityVersion = "Xcode 3.2";
			developmentRegion = English;
			hasScannedForEncodings = 0;
			knownRegions = (
				en,
				Base,
			);
			mainGroup = B4BCEC5119DE8C4300D175AD;
			productRefGroup = B4BCEC5B19DE8C4300D175AD /* Products */;
			projectDirPath = "";
			projectRoot = "";
			targets = (
				B4BCEC5919DE8C4300D175AD /* Tarea1 */,
				B4BCEC7A19DE8C4300D175AD /* Tarea1Tests */,
			);
		};
/* End PBXProject section */

/* Begin PBXResourcesBuildPhase section */
		B4BCEC5819DE8C4300D175AD /* Resources */ = {
			isa = PBXResourcesBuildPhase;
			buildActionMask = 2147483647;
			files = (
				B4BCEC7619DE8C4300D175AD /* Images.xcassets in Resources */,
				B4BCEC6819DE8C4300D175AD /* InfoPlist.strings in Resources */,
				B4BCEC7119DE8C4300D175AD /* Main.storyboard in Resources */,
			);
			runOnlyForDeploymentPostprocessing = 0;
		};
		B4BCEC7919DE8C4300D175AD /* Resources */ = {
			isa = PBXResourcesBuildPhase;
			buildActionMask = 2147483647;
			files = (
				B4BCEC8719DE8C4300D175AD /* InfoPlist.strings in Resources */,
			);
			runOnlyForDeploymentPostprocessing = 0;
		};
/* End PBXResourcesBuildPhase section */

/* Begin PBXSourcesBuildPhase section */
		B4BCEC5619DE8C4300D175AD /* Sources */ = {
			isa = PBXSourcesBuildPhase;
			buildActionMask = 2147483647;
			files = (
				B4BCEC7419DE8C4300D175AD /* ViewController.m in Sources */,
				B4BCEC6E19DE8C4300D175AD /* AppDelegate.m in Sources */,
				B4BCEC6A19DE8C4300D175AD /* main.m in Sources */,
			);
			runOnlyForDeploymentPostprocessing = 0;
		};
		B4BCEC7719DE8C4300D175AD /* Sources */ = {
			isa = PBXSourcesBuildPhase;
			buildActionMask = 2147483647;
			files = (
				B4BCEC8919DE8C4300D175AD /* Tarea1Tests.m in Sources */,
			);
			runOnlyForDeploymentPostprocessing = 0;
		};
/* End PBXSourcesBuildPhase section */

/* Begin PBXTargetDependency section */
		B4BCEC8119DE8C4300D175AD /* PBXTargetDependency */ = {
			isa = PBXTargetDependency;
			target = B4BCEC5919DE8C4300D175AD /* Tarea1 */;
			targetProxy = B4BCEC8019DE8C4300D175AD /* PBXContainerItemProxy */;
		};
/* End PBXTargetDependency section */

/* Begin PBXVariantGroup section */
		B4BCEC6619DE8C4300D175AD /* InfoPlist.strings */ = {
			isa = PBXVariantGroup;
			children = (
				B4BCEC6719DE8C4300D175AD /* en */,
			);
			name = InfoPlist.strings;
			sourceTree = "<group>";
		};
		B4BCEC6F19DE8C4300D175AD /* Main.storyboard */ = {
			isa = PBXVariantGroup;
			children = (
				B4BCEC7019DE8C4300D175AD /* Base */,
			);
			name = Main.storyboard;
			sourceTree = "<group>";
		};
		B4BCEC8519DE8C4300D175AD /* InfoPlist.strings */ = {
			isa = PBXVariantGroup;
			children = (
				B4BCEC8619DE8C4300D175AD /* en */,
			);
			name = InfoPlist.strings;
			sourceTree = "<group>";
		};
/* End PBXVariantGroup section */

/* Begin XCBuildConfiguration section */
		B4BCEC8A19DE8C4300D175AD /* Debug */ = {
			isa = XCBuildConfiguration;
			buildSettings = {
				ALWAYS_SEARCH_USER_PATHS = NO;
				CLANG_CXX_LANGUAGE_STANDARD = "gnu++0x";
				CLANG_CXX_LIBRARY = "libc++";
				CLANG_ENABLE_MODULES = YES;
				CLANG_ENABLE_OBJC_ARC = YES;
				CLANG_WARN_BOOL_CONVERSION = YES;
				CLANG_WARN_CONSTANT_CONVERSION = YES;
				CLANG_WARN_DIRECT_OBJC_ISA_USAGE = YES_ERROR;
				CLANG_WARN_EMPTY_BODY = YES;
				CLANG_WARN_ENUM_CONVERSION = YES;
				CLANG_WARN_INT_CONVERSION = YES;
				CLANG_WARN_OBJC_ROOT_CLASS = YES_ERROR;
				CLANG_WARN__DUPLICATE_METHOD_MATCH = YES;
				"CODE_SIGN_IDENTITY[sdk=iphoneos*]" = "iPhone Developer";
				COPY_PHASE_STRIP = NO;
				GCC_C_LANGUAGE_STANDARD = gnu99;
				GCC_DYNAMIC_NO_PIC = NO;
				GCC_OPTIMIZATION_LEVEL = 0;
				GCC_PREPROCESSOR_DEFINITIONS = (
					"DEBUG=1",
					"$(inherited)",
				);
				GCC_SYMBOLS_PRIVATE_EXTERN = NO;
				GCC_WARN_64_TO_32_BIT_CONVERSION = YES;
				GCC_WARN_ABOUT_RETURN_TYPE = YES_ERROR;
				GCC_WARN_UNDECLARED_SELECTOR = YES;
				GCC_WARN_UNINITIALIZED_AUTOS = YES_AGGRESSIVE;
				GCC_WARN_UNUSED_FUNCTION = YES;
				GCC_WARN_UNUSED_VARIABLE = YES;
				IPHONEOS_DEPLOYMENT_TARGET = 7.1;
				ONLY_ACTIVE_ARCH = YES;
				SDKROOT = iphoneos;
			};
			name = Debug;
		};
		B4BCEC8B19DE8C4300D175AD /* Release */ = {
			isa = XCBuildConfiguration;
			buildSettings = {
				ALWAYS_SEARCH_USER_PATHS = NO;
				CLANG_CXX_LANGUAGE_STANDARD = "gnu++0x";
				CLANG_CXX_LIBRARY = "libc++";
				CLANG_ENABLE_MODULES = YES;
				CLANG_ENABLE_OBJC_ARC = YES;
				CLANG_WARN_BOOL_CONVERSION = YES;
				CLANG_WARN_CONSTANT_CONVERSION = YES;
				CLANG_WARN_DIRECT_OBJC_ISA_USAGE = YES_ERROR;
				CLANG_WARN_EMPTY_BODY = YES;
				CLANG_WARN_ENUM_CONVERSION = YES;
				CLANG_WARN_INT_CONVERSION = YES;
				CLANG_WARN_OBJC_ROOT_CLASS = YES_ERROR;
				CLANG_WARN__DUPLICATE_METHOD_MATCH = YES;
				"CODE_SIGN_IDENTITY[sdk=iphoneos*]" = "iPhone Developer";
				COPY_PHASE_STRIP = YES;
				ENABLE_NS_ASSERTIONS = NO;
				GCC_C_LANGUAGE_STANDARD = gnu99;
				GCC_WARN_64_TO_32_BIT_CONVERSION = YES;
				GCC_WARN_ABOUT_RETURN_TYPE = YES_ERROR;
				GCC_WARN_UNDECLARED_SELECTOR = YES;
				GCC_WARN_UNINITIALIZED_AUTOS = YES_AGGRESSIVE;
				GCC_WARN_UNUSED_FUNCTION = YES;
				GCC_WARN_UNUSED_VARIABLE = YES;
				IPHONEOS_DEPLOYMENT_TARGET = 7.1;
				SDKROOT = iphoneos;
				VALIDATE_PRODUCT = YES;
			};
			name = Release;
		};
		B4BCEC8D19DE8C4300D175AD /* Debug */ = {
			isa = XCBuildConfiguration;
			buildSettings = {
				ASSETCATALOG_COMPILER_APPICON_NAME = AppIcon;
				ASSETCATALOG_COMPILER_LAUNCHIMAGE_NAME = LaunchImage;
				GCC_PRECOMPILE_PREFIX_HEADER = YES;
				GCC_PREFIX_HEADER = "Tarea1/Tarea1-Prefix.pch";
				INFOPLIST_FILE = "Tarea1/Tarea1-Info.plist";
				PRODUCT_NAME = "$(TARGET_NAME)";
				WRAPPER_EXTENSION = app;
			};
			name = Debug;
		};
		B4BCEC8E19DE8C4300D175AD /* Release */ = {
			isa = XCBuildConfiguration;
			buildSettings = {
				ASSETCATALOG_COMPILER_APPICON_NAME = AppIcon;
				ASSETCATALOG_COMPILER_LAUNCHIMAGE_NAME = LaunchImage;
				GCC_PRECOMPILE_PREFIX_HEADER = YES;
				GCC_PREFIX_HEADER = "Tarea1/Tarea1-Prefix.pch";
				INFOPLIST_FILE = "Tarea1/Tarea1-Info.plist";
				PRODUCT_NAME = "$(TARGET_NAME)";
				WRAPPER_EXTENSION = app;
			};
			name = Release;
		};
		B4BCEC9019DE8C4300D175AD /* Debug */ = {
			isa = XCBuildConfiguration;
			buildSettings = {
				BUNDLE_LOADER = "$(BUILT_PRODUCTS_DIR)/Tarea1.app/Tarea1";
				FRAMEWORK_SEARCH_PATHS = (
					"$(SDKROOT)/Developer/Library/Frameworks",
					"$(inherited)",
					"$(DEVELOPER_FRAMEWORKS_DIR)",
				);
				GCC_PRECOMPILE_PREFIX_HEADER = YES;
				GCC_PREFIX_HEADER = "Tarea1/Tarea1-Prefix.pch";
				GCC_PREPROCESSOR_DEFINITIONS = (
					"DEBUG=1",
					"$(inherited)",
				);
				INFOPLIST_FILE = "Tarea1Tests/Tarea1Tests-Info.plist";
				PRODUCT_NAME = "$(TARGET_NAME)";
				TEST_HOST = "$(BUNDLE_LOADER)";
				WRAPPER_EXTENSION = xctest;
			};
			name = Debug;
		};
		B4BCEC9119DE8C4300D175AD /* Release */ = {
			isa = XCBuildConfiguration;
			buildSettings = {
				BUNDLE_LOADER = "$(BUILT_PRODUCTS_DIR)/Tarea1.app/Tarea1";
				FRAMEWORK_SEARCH_PATHS = (
					"$(SDKROOT)/Developer/Library/Frameworks",
					"$(inherited)",
					"$(DEVELOPER_FRAMEWORKS_DIR)",
				);
				GCC_PRECOMPILE_PREFIX_HEADER = YES;
				GCC_PREFIX_HEADER = "Tarea1/Tarea1-Prefix.pch";
				INFOPLIST_FILE = "Tarea1Tests/Tarea1Tests-Info.plist";
				PRODUCT_NAME = "$(TARGET_NAME)";
				TEST_HOST = "$(BUNDLE_LOADER)";
				WRAPPER_EXTENSION = xctest;
			};
			name = Release;
		};
/* End XCBuildConfiguration section */

/* Begin XCConfigurationList section */
		B4BCEC5519DE8C4300D175AD /* Build configuration list for PBXProject "Tarea1" */ = {
			isa = XCConfigurationList;
			buildConfigurations = (
				B4BCEC8A19DE8C4300D175AD /* Debug */,
				B4BCEC8B19DE8C4300D175AD /* Release */,
			);
			defaultConfigurationIsVisible = 0;
			defaultConfigurationName = Release;
		};
		B4BCEC8C19DE8C4300D175AD /* Build configuration list for PBXNativeTarget "Tarea1" */ = {
			isa = XCConfigurationList;
			buildConfigurations = (
				B4BCEC8D19DE8C4300D175AD /* Debug */,
				B4BCEC8E19DE8C4300D175AD /* Release */,
			);
			defaultConfigurationIsVisible = 0;
		};
		B4BCEC8F19DE8C4300D175AD /* Build configuration list for PBXNativeTarget "Tarea1Tests" */ = {
			isa = XCConfigurationList;
			buildConfigurations = (
				B4BCEC9019DE8C4300D175AD /* Debug */,
				B4BCEC9119DE8C4300D175AD /* Release */,
			);
			defaultConfigurationIsVisible = 0;
		};
/* End XCConfigurationList section */
	};
	rootObject = B4BCEC5219DE8C4300D175AD /* Project object */;
}
